
Microsoft Visual Studio Solution File, Format Version 12.00
# Visual Studio 15
VisualStudioVersion = 15.0.34729.27
MinimumVisualStudioVersion = 10.0.40219.1
Project("{FAE04EC0-301F-11D3-BF4B-00C04F79EFBC}") = "WpfApp14", "WpfApp14\WpfApp14.csproj", "{783BF097-E93F-4470-83FF-D787C371DAF1}"
EndProject
Project("{9A19103F-16F7-4668-BE54-9A1E7A4F7556}") = "ClassLibrary1", "ClassLibrary1\ClassLibrary1.csproj", "{9FC02B36-9E61-49DF-BFCA-5C1C9C94BBEA}"
EndProject
Project("{FAE04EC0-301F-11D3-BF4B-00C04F79EFBC}") = "ClassLibrary2", "ClassLibrary2\ClassLibrary2.csproj", "{CAF21E9D-CE75-4754-9CB6-F6CA8FD7FD14}"
EndProject
Global
	GlobalSection(SolutionConfigurationPlatforms) = preSolution
		Debug|Any CPU = Debug|Any CPU
		Release|Any CPU = Release|Any CPU
	EndGlobalSection
	GlobalSection(ProjectConfigurationPlatforms) = postSolution
		{783BF097-E93F-4470-83FF-D787C371DAF1}.Debug|Any CPU.ActiveCfg = Debug|Any CPU
		{783BF097-E93F-4470-83FF-D787C371DAF1}.Debug|Any CPU.Build.0 = Debug|Any CPU
		{783BF097-E93F-4470-83FF-D787C371DAF1}.Release|Any CPU.ActiveCfg = Release|Any CPU
		{783BF097-E93F-4470-83FF-D787C371DAF1}.Release|Any CPU.Build.0 = Release|Any CPU
		{9FC02B36-9E61-49DF-BFCA-5C1C9C94BBEA}.Debug|Any CPU.ActiveCfg = Debug|Any CPU
		{9FC02B36-9E61-49DF-BFCA-5C1C9C94BBEA}.Debug|Any CPU.Build.0 = Debug|Any CPU
		{9FC02B36-9E61-49DF-BFCA-5C1C9C94BBEA}.Release|Any CPU.ActiveCfg = Release|Any CPU
		{9FC02B36-9E61-49DF-BFCA-5C1C9C94BBEA}.Release|Any CPU.Build.0 = Release|Any CPU
		{CAF21E9D-CE75-4754-9CB6-F6CA8FD7FD14}.Debug|Any CPU.ActiveCfg = Debug|Any CPU
		{CAF21E9D-CE75-4754-9CB6-F6CA8FD7FD14}.Debug|Any CPU.Build.0 = Debug|Any CPU
		{CAF21E9D-CE75-4754-9CB6-F6CA8FD7FD14}.Release|Any CPU.ActiveCfg = Release|Any CPU
		{CAF21E9D-CE75-4754-9CB6-F6CA8FD7FD14}.Release|Any CPU.Build.0 = Release|Any CPU
	EndGlobalSection
	GlobalSection(SolutionProperties) = preSolution
		HideSolutionNode = FALSE
	EndGlobalSection
	GlobalSection(ExtensibilityGlobals) = postSolution
		SolutionGuid = {E69571D7-2E67-4776-93DF-5E828ACBB8F0}
	EndGlobalSection
EndGlobal
